
Microsoft Visual Studio Solution File, Format Version 12.00
Project("{FAE04EC0-301F-11D3-BF4B-00C04F79EFBC}") = "SocialHub.Auth", "SocialHub.Auth\SocialHub.Auth.csproj", "{BDF7B8B4-CD49-4F54-8B13-0644C0281495}"
EndProject
Global
	GlobalSection(SolutionConfigurationPlatforms) = preSolution
		Debug|Any CPU = Debug|Any CPU
		Release|Any CPU = Release|Any CPU
	EndGlobalSection
	GlobalSection(ProjectConfigurationPlatforms) = postSolution
		{BDF7B8B4-CD49-4F54-8B13-0644C0281495}.Debug|Any CPU.ActiveCfg = Debug|Any CPU
		{BDF7B8B4-CD49-4F54-8B13-0644C0281495}.Debug|Any CPU.Build.0 = Debug|Any CPU
		{BDF7B8B4-CD49-4F54-8B13-0644C0281495}.Release|Any CPU.ActiveCfg = Release|Any CPU
		{BDF7B8B4-CD49-4F54-8B13-0644C0281495}.Release|Any CPU.Build.0 = Release|Any CPU
	EndGlobalSection
EndGlobal
